
Microsoft Visual Studio Solution File, Format Version 12.00
# Visual Studio Version 18
VisualStudioVersion = 18.9.12023.133 insiders
MinimumVisualStudioVersion = 10.0.40219.1
Project("{2150E333-8FDC-42A3-9474-1A3956D46DE8}") = "Shared", "Shared", "{4F52FD11-658E-A102-6CD3-7D7C16FFA15B}"
EndProject
Project("{FAE04EC0-301F-11D3-BF4B-00C04F79EFBC}") = "Common", "Shared\Common.csproj", "{3242E0AC-D206-455A-B2F8-EAEEDDC349B5}"
EndProject
Project("{2150E333-8FDC-42A3-9474-1A3956D46DE8}") = "Debounce", "Debounce", "{7BBBB3B1-70BE-6F7A-B583-51A810415609}"
EndProject
Project("{FAE04EC0-301F-11D3-BF4B-00C04F79EFBC}") = "DebounceApp", "Debounce\DebounceApp\DebounceApp.csproj", "{F829DA75-F789-44A4-9A66-260BB635B3C4}"
EndProject
Project("{FAE04EC0-301F-11D3-BF4B-00C04F79EFBC}") = "DebounceAppTests", "Debounce\DebounceAppTests\DebounceAppTests.csproj", "{33DB6774-420F-4545-B540-ADEB11CD77A4}"
EndProject
Project("{2150E333-8FDC-42A3-9474-1A3956D46DE8}") = "Jitter", "Jitter", "{222B485B-42E1-6F0C-08FE-917EF41736D3}"
EndProject
Project("{FAE04EC0-301F-11D3-BF4B-00C04F79EFBC}") = "JitterApp", "Jitter\JitterApp\JitterApp.csproj", "{EC0310D6-F314-4AAC-80F4-513CB6D8A5D4}"
EndProject
Project("{FAE04EC0-301F-11D3-BF4B-00C04F79EFBC}") = "JitterAppTests", "Jitter\JitterAppTests\JitterAppTests.csproj", "{12A65580-9387-4CE4-9BAF-6DFD30855579}"
EndProject
Project("{2150E333-8FDC-42A3-9474-1A3956D46DE8}") = "DoubleCheckedLocking", "DoubleCheckedLocking", "{14E188A5-0F4D-8FE7-2518-5FE9A0C77EB5}"
EndProject
Project("{FAE04EC0-301F-11D3-BF4B-00C04F79EFBC}") = "DoubleCheckedLockingApp", "DoubleCheckedLocking\DoubleCheckedLockingApp\DoubleCheckedLockingApp.csproj", "{4E454C1F-7103-43DF-ABE7-F4EB513228FB}"
EndProject
Project("{FAE04EC0-301F-11D3-BF4B-00C04F79EFBC}") = "DoubleCheckedLockingAppTests", "DoubleCheckedLocking\DoubleCheckedLockingAppTests\DoubleCheckedLockingAppTests.csproj", "{715941D0-F499-4524-A6CF-C75534D6FF43}"
EndProject
Project("{2150E333-8FDC-42A3-9474-1A3956D46DE8}") = "LeakyBucket", "LeakyBucket", "{C0EBECC0-2359-4D34-B104-D670516B16BB}"
EndProject
Project("{FAE04EC0-301F-11D3-BF4B-00C04F79EFBC}") = "LeakyBucketApp", "LeakyBucket\LeakyBucketApp\LeakyBucketApp.csproj", "{E463DA5E-9702-6E21-38E4-95A3FBA981E1}"
EndProject
Project("{FAE04EC0-301F-11D3-BF4B-00C04F79EFBC}") = "LeakyBucketAppTests", "LeakyBucket\LeakyBucketAppTests\LeakyBucketAppTests.csproj", "{FCC431EC-1B73-7810-1DC4-5FC401806B6E}"
EndProject
Global
	GlobalSection(SolutionConfigurationPlatforms) = preSolution
		Debug|Any CPU = Debug|Any CPU
		Debug|x64 = Debug|x64
		Debug|x86 = Debug|x86
		Release|Any CPU = Release|Any CPU
		Release|x64 = Release|x64
		Release|x86 = Release|x86
	EndGlobalSection
	GlobalSection(ProjectConfigurationPlatforms) = postSolution
		{3242E0AC-D206-455A-B2F8-EAEEDDC349B5}.Debug|Any CPU.ActiveCfg = Debug|Any CPU
		{3242E0AC-D206-455A-B2F8-EAEEDDC349B5}.Debug|Any CPU.Build.0 = Debug|Any CPU
		{3242E0AC-D206-455A-B2F8-EAEEDDC349B5}.Debug|x64.ActiveCfg = Debug|Any CPU
		{3242E0AC-D206-455A-B2F8-EAEEDDC349B5}.Debug|x64.Build.0 = Debug|Any CPU
		{3242E0AC-D206-455A-B2F8-EAEEDDC349B5}.Debug|x86.ActiveCfg = Debug|Any CPU
		{3242E0AC-D206-455A-B2F8-EAEEDDC349B5}.Debug|x86.Build.0 = Debug|Any CPU
		{3242E0AC-D206-455A-B2F8-EAEEDDC349B5}.Release|Any CPU.ActiveCfg = Release|Any CPU
		{3242E0AC-D206-455A-B2F8-EAEEDDC349B5}.Release|Any CPU.Build.0 = Release|Any CPU
		{3242E0AC-D206-455A-B2F8-EAEEDDC349B5}.Release|x64.ActiveCfg = Release|Any CPU
		{3242E0AC-D206-455A-B2F8-EAEEDDC349B5}.Release|x64.Build.0 = Release|Any CPU
		{3242E0AC-D206-455A-B2F8-EAEEDDC349B5}.Release|x86.ActiveCfg = Release|Any CPU
		{3242E0AC-D206-455A-B2F8-EAEEDDC349B5}.Release|x86.Build.0 = Release|Any CPU
		{F829DA75-F789-44A4-9A66-260BB635B3C4}.Debug|Any CPU.ActiveCfg = Debug|Any CPU
		{F829DA75-F789-44A4-9A66-260BB635B3C4}.Debug|Any CPU.Build.0 = Debug|Any CPU
		{F829DA75-F789-44A4-9A66-260BB635B3C4}.Debug|x64.ActiveCfg = Debug|Any CPU
		{F829DA75-F789-44A4-9A66-260BB635B3C4}.Debug|x64.Build.0 = Debug|Any CPU
		{F829DA75-F789-44A4-9A66-260BB635B3C4}.Debug|x86.ActiveCfg = Debug|Any CPU
		{F829DA75-F789-44A4-9A66-260BB635B3C4}.Debug|x86.Build.0 = Debug|Any CPU
		{F829DA75-F789-44A4-9A66-260BB635B3C4}.Release|Any CPU.ActiveCfg = Release|Any CPU
		{F829DA75-F789-44A4-9A66-260BB635B3C4}.Release|Any CPU.Build.0 = Release|Any CPU
		{F829DA75-F789-44A4-9A66-260BB635B3C4}.Release|x64.ActiveCfg = Release|Any CPU
		{F829DA75-F789-44A4-9A66-260BB635B3C4}.Release|x64.Build.0 = Release|Any CPU
		{F829DA75-F789-44A4-9A66-260BB635B3C4}.Release|x86.ActiveCfg = Release|Any CPU
		{F829DA75-F789-44A4-9A66-260BB635B3C4}.Release|x86.Build.0 = Release|Any CPU
		{33DB6774-420F-4545-B540-ADEB11CD77A4}.Debug|Any CPU.ActiveCfg = Debug|Any CPU
		{33DB6774-420F-4545-B540-ADEB11CD77A4}.Debug|Any CPU.Build.0 = Debug|Any CPU
		{33DB6774-420F-4545-B540-ADEB11CD77A4}.Debug|x64.ActiveCfg = Debug|Any CPU
		{33DB6774-420F-4545-B540-ADEB11CD77A4}.Debug|x64.Build.0 = Debug|Any CPU
		{33DB6774-420F-4545-B540-ADEB11CD77A4}.Debug|x86.ActiveCfg = Debug|Any CPU
		{33DB6774-420F-4545-B540-ADEB11CD77A4}.Debug|x86.Build.0 = Debug|Any CPU
		{33DB6774-420F-4545-B540-ADEB11CD77A4}.Release|Any CPU.ActiveCfg = Release|Any CPU
		{33DB6774-420F-4545-B540-ADEB11CD77A4}.Release|Any CPU.Build.0 = Release|Any CPU
		{33DB6774-420F-4545-B540-ADEB11CD77A4}.Release|x64.ActiveCfg = Release|Any CPU
		{33DB6774-420F-4545-B540-ADEB11CD77A4}.Release|x64.Build.0 = Release|Any CPU
		{33DB6774-420F-4545-B540-ADEB11CD77A4}.Release|x86.ActiveCfg = Release|Any CPU
		{33DB6774-420F-4545-B540-ADEB11CD77A4}.Release|x86.Build.0 = Release|Any CPU
		{EC0310D6-F314-4AAC-80F4-513CB6D8A5D4}.Debug|Any CPU.ActiveCfg = Debug|Any CPU
		{EC0310D6-F314-4AAC-80F4-513CB6D8A5D4}.Debug|Any CPU.Build.0 = Debug|Any CPU
		{EC0310D6-F314-4AAC-80F4-513CB6D8A5D4}.Debug|x64.ActiveCfg = Debug|Any CPU
		{EC0310D6-F314-4AAC-80F4-513CB6D8A5D4}.Debug|x64.Build.0 = Debug|Any CPU
		{EC0310D6-F314-4AAC-80F4-513CB6D8A5D4}.Debug|x86.ActiveCfg = Debug|Any CPU
		{EC0310D6-F314-4AAC-80F4-513CB6D8A5D4}.Debug|x86.Build.0 = Debug|Any CPU
		{EC0310D6-F314-4AAC-80F4-513CB6D8A5D4}.Release|Any CPU.ActiveCfg = Release|Any CPU
		{EC0310D6-F314-4AAC-80F4-513CB6D8A5D4}.Release|Any CPU.Build.0 = Release|Any CPU
		{EC0310D6-F314-4AAC-80F4-513CB6D8A5D4}.Release|x64.ActiveCfg = Release|Any CPU
		{EC0310D6-F314-4AAC-80F4-513CB6D8A5D4}.Release|x64.Build.0 = Release|Any CPU
		{EC0310D6-F314-4AAC-80F4-513CB6D8A5D4}.Release|x86.ActiveCfg = Release|Any CPU
		{EC0310D6-F314-4AAC-80F4-513CB6D8A5D4}.Release|x86.Build.0 = Release|Any CPU
		{12A65580-9387-4CE4-9BAF-6DFD30855579}.Debug|Any CPU.ActiveCfg = Debug|Any CPU
		{12A65580-9387-4CE4-9BAF-6DFD30855579}.Debug|Any CPU.Build.0 = Debug|Any CPU
		{12A65580-9387-4CE4-9BAF-6DFD30855579}.Debug|x64.ActiveCfg = Debug|Any CPU
		{12A65580-9387-4CE4-9BAF-6DFD30855579}.Debug|x64.Build.0 = Debug|Any CPU
		{12A65580-9387-4CE4-9BAF-6DFD30855579}.Debug|x86.ActiveCfg = Debug|Any CPU
		{12A65580-9387-4CE4-9BAF-6DFD30855579}.Debug|x86.Build.0 = Debug|Any CPU
		{12A65580-9387-4CE4-9BAF-6DFD30855579}.Release|Any CPU.ActiveCfg = Release|Any CPU
		{12A65580-9387-4CE4-9BAF-6DFD30855579}.Release|Any CPU.Build.0 = Release|Any CPU
		{12A65580-9387-4CE4-9BAF-6DFD30855579}.Release|x64.ActiveCfg = Release|Any CPU
		{12A65580-9387-4CE4-9BAF-6DFD30855579}.Release|x64.Build.0 = Release|Any CPU
		{12A65580-9387-4CE4-9BAF-6DFD30855579}.Release|x86.ActiveCfg = Release|Any CPU
		{12A65580-9387-4CE4-9BAF-6DFD30855579}.Release|x86.Build.0 = Release|Any CPU
		{4E454C1F-7103-43DF-ABE7-F4EB513228FB}.Debug|Any CPU.ActiveCfg = Debug|Any CPU
		{4E454C1F-7103-43DF-ABE7-F4EB513228FB}.Debug|Any CPU.Build.0 = Debug|Any CPU
		{4E454C1F-7103-43DF-ABE7-F4EB513228FB}.Debug|x64.ActiveCfg = Debug|Any CPU
		{4E454C1F-7103-43DF-ABE7-F4EB513228FB}.Debug|x64.Build.0 = Debug|Any CPU
		{4E454C1F-7103-43DF-ABE7-F4EB513228FB}.Debug|x86.ActiveCfg = Debug|Any CPU
		{4E454C1F-7103-43DF-ABE7-F4EB513228FB}.Debug|x86.Build.0 = Debug|Any CPU
		{4E454C1F-7103-43DF-ABE7-F4EB513228FB}.Release|Any CPU.ActiveCfg = Release|Any CPU
		{4E454C1F-7103-43DF-ABE7-F4EB513228FB}.Release|Any CPU.Build.0 = Release|Any CPU
		{4E454C1F-7103-43DF-ABE7-F4EB513228FB}.Release|x64.ActiveCfg = Release|Any CPU
		{4E454C1F-7103-43DF-ABE7-F4EB513228FB}.Release|x64.Build.0 = Release|Any CPU
		{4E454C1F-7103-43DF-ABE7-F4EB513228FB}.Release|x86.ActiveCfg = Release|Any CPU
		{4E454C1F-7103-43DF-ABE7-F4EB513228FB}.Release|x86.Build.0 = Release|Any CPU
		{715941D0-F499-4524-A6CF-C75534D6FF43}.Debug|Any CPU.ActiveCfg = Debug|Any CPU
		{715941D0-F499-4524-A6CF-C75534D6FF43}.Debug|Any CPU.Build.0 = Debug|Any CPU
		{715941D0-F499-4524-A6CF-C75534D6FF43}.Debug|x64.ActiveCfg = Debug|Any CPU
		{715941D0-F499-4524-A6CF-C75534D6FF43}.Debug|x64.Build.0 = Debug|Any CPU
		{715941D0-F499-4524-A6CF-C75534D6FF43}.Debug|x86.ActiveCfg = Debug|Any CPU
		{715941D0-F499-4524-A6CF-C75534D6FF43}.Debug|x86.Build.0 = Debug|Any CPU
		{715941D0-F499-4524-A6CF-C75534D6FF43}.Release|Any CPU.ActiveCfg = Release|Any CPU
		{715941D0-F499-4524-A6CF-C75534D6FF43}.Release|Any CPU.Build.0 = Release|Any CPU
		{715941D0-F499-4524-A6CF-C75534D6FF43}.Release|x64.ActiveCfg = Release|Any CPU
		{715941D0-F499-4524-A6CF-C75534D6FF43}.Release|x64.Build.0 = Release|Any CPU
		{715941D0-F499-4524-A6CF-C75534D6FF43}.Release|x86.ActiveCfg = Release|Any CPU
		{715941D0-F499-4524-A6CF-C75534D6FF43}.Release|x86.Build.0 = Release|Any CPU
		{E463DA5E-9702-6E21-38E4-95A3FBA981E1}.Debug|Any CPU.ActiveCfg = Debug|Any CPU
		{E463DA5E-9702-6E21-38E4-95A3FBA981E1}.Debug|Any CPU.Build.0 = Debug|Any CPU
		{E463DA5E-9702-6E21-38E4-95A3FBA981E1}.Debug|x64.ActiveCfg = Debug|Any CPU
		{E463DA5E-9702-6E21-38E4-95A3FBA981E1}.Debug|x64.Build.0 = Debug|Any CPU
		{E463DA5E-9702-6E21-38E4-95A3FBA981E1}.Debug|x86.ActiveCfg = Debug|Any CPU
		{E463DA5E-9702-6E21-38E4-95A3FBA981E1}.Debug|x86.Build.0 = Debug|Any CPU
		{E463DA5E-9702-6E21-38E4-95A3FBA981E1}.Release|Any CPU.ActiveCfg = Release|Any CPU
		{E463DA5E-9702-6E21-38E4-95A3FBA981E1}.Release|Any CPU.Build.0 = Release|Any CPU
		{E463DA5E-9702-6E21-38E4-95A3FBA981E1}.Release|x64.ActiveCfg = Release|Any CPU
		{E463DA5E-9702-6E21-38E4-95A3FBA981E1}.Release|x64.Build.0 = Release|Any CPU
		{E463DA5E-9702-6E21-38E4-95A3FBA981E1}.Release|x86.ActiveCfg = Release|Any CPU
		{E463DA5E-9702-6E21-38E4-95A3FBA981E1}.Release|x86.Build.0 = Release|Any CPU
		{FCC431EC-1B73-7810-1DC4-5FC401806B6E}.Debug|Any CPU.ActiveCfg = Debug|Any CPU
		{FCC431EC-1B73-7810-1DC4-5FC401806B6E}.Debug|Any CPU.Build.0 = Debug|Any CPU
		{FCC431EC-1B73-7810-1DC4-5FC401806B6E}.Debug|x64.ActiveCfg = Debug|Any CPU
		{FCC431EC-1B73-7810-1DC4-5FC401806B6E}.Debug|x64.Build.0 = Debug|Any CPU
		{FCC431EC-1B73-7810-1DC4-5FC401806B6E}.Debug|x86.ActiveCfg = Debug|Any CPU
		{FCC431EC-1B73-7810-1DC4-5FC401806B6E}.Debug|x86.Build.0 = Debug|Any CPU
		{FCC431EC-1B73-7810-1DC4-5FC401806B6E}.Release|Any CPU.ActiveCfg = Release|Any CPU
		{FCC431EC-1B73-7810-1DC4-5FC401806B6E}.Release|Any CPU.Build.0 = Release|Any CPU
		{FCC431EC-1B73-7810-1DC4-5FC401806B6E}.Release|x64.ActiveCfg = Release|Any CPU
		{FCC431EC-1B73-7810-1DC4-5FC401806B6E}.Release|x64.Build.0 = Release|Any CPU
		{FCC431EC-1B73-7810-1DC4-5FC401806B6E}.Release|x86.ActiveCfg = Release|Any CPU
		{FCC431EC-1B73-7810-1DC4-5FC401806B6E}.Release|x86.Build.0 = Release|Any CPU
	EndGlobalSection
	GlobalSection(SolutionProperties) = preSolution
		HideSolutionNode = FALSE
	EndGlobalSection
	GlobalSection(NestedProjects) = preSolution
		{3242E0AC-D206-455A-B2F8-EAEEDDC349B5} = {4F52FD11-658E-A102-6CD3-7D7C16FFA15B}
		{F829DA75-F789-44A4-9A66-260BB635B3C4} = {7BBBB3B1-70BE-6F7A-B583-51A810415609}
		{33DB6774-420F-4545-B540-ADEB11CD77A4} = {7BBBB3B1-70BE-6F7A-B583-51A810415609}
		{EC0310D6-F314-4AAC-80F4-513CB6D8A5D4} = {222B485B-42E1-6F0C-08FE-917EF41736D3}
		{12A65580-9387-4CE4-9BAF-6DFD30855579} = {222B485B-42E1-6F0C-08FE-917EF41736D3}
		{4E454C1F-7103-43DF-ABE7-F4EB513228FB} = {14E188A5-0F4D-8FE7-2518-5FE9A0C77EB5}
		{715941D0-F499-4524-A6CF-C75534D6FF43} = {14E188A5-0F4D-8FE7-2518-5FE9A0C77EB5}
		{E463DA5E-9702-6E21-38E4-95A3FBA981E1} = {C0EBECC0-2359-4D34-B104-D670516B16BB}
		{FCC431EC-1B73-7810-1DC4-5FC401806B6E} = {C0EBECC0-2359-4D34-B104-D670516B16BB}
	EndGlobalSection
EndGlobal
